
Microsoft Visual Studio Solution File, Format Version 12.00
# Visual Studio 2015
Project("{FAE04EC0-301F-11D3-BF4B-00C04F79EFBC}") = "PhysicalTherapy.CSharp.Plugins", "PhysicalTherapy.CSharp.Plugins.csproj", "{EDB14414-3FA2-BC91-DCD0-672A8906573B}"
EndProject
Project("{FAE04EC0-301F-11D3-BF4B-00C04F79EFBC}") = "PhysicalTherapy.CSharp", "PhysicalTherapy.CSharp.csproj", "{87F5005B-7750-1FC0-A245-16422B65EF11}"
EndProject
Project("{FAE04EC0-301F-11D3-BF4B-00C04F79EFBC}") = "PhysicalTherapy.CSharp.Editor", "PhysicalTherapy.CSharp.Editor.csproj", "{1CA1FDF1-F1D5-99B5-6EE0-BED4D9C2B8F4}"
EndProject
Global
	GlobalSection(SolutionConfigurationPlatforms) = preSolution
		Debug|Any CPU = Debug|Any CPU
		Release|Any CPU = Release|Any CPU
	EndGlobalSection
	GlobalSection(ProjectConfigurationPlatforms) = postSolution
		{EDB14414-3FA2-BC91-DCD0-672A8906573B}.Debug|Any CPU.ActiveCfg = Debug|Any CPU
		{EDB14414-3FA2-BC91-DCD0-672A8906573B}.Debug|Any CPU.Build.0 = Debug|Any CPU
		{EDB14414-3FA2-BC91-DCD0-672A8906573B}.Release|Any CPU.ActiveCfg = Release|Any CPU
		{EDB14414-3FA2-BC91-DCD0-672A8906573B}.Release|Any CPU.Build.0 = Release|Any CPU
		{87F5005B-7750-1FC0-A245-16422B65EF11}.Debug|Any CPU.ActiveCfg = Debug|Any CPU
		{87F5005B-7750-1FC0-A245-16422B65EF11}.Debug|Any CPU.Build.0 = Debug|Any CPU
		{87F5005B-7750-1FC0-A245-16422B65EF11}.Release|Any CPU.ActiveCfg = Release|Any CPU
		{87F5005B-7750-1FC0-A245-16422B65EF11}.Release|Any CPU.Build.0 = Release|Any CPU
		{1CA1FDF1-F1D5-99B5-6EE0-BED4D9C2B8F4}.Debug|Any CPU.ActiveCfg = Debug|Any CPU
		{1CA1FDF1-F1D5-99B5-6EE0-BED4D9C2B8F4}.Debug|Any CPU.Build.0 = Debug|Any CPU
		{1CA1FDF1-F1D5-99B5-6EE0-BED4D9C2B8F4}.Release|Any CPU.ActiveCfg = Release|Any CPU
		{1CA1FDF1-F1D5-99B5-6EE0-BED4D9C2B8F4}.Release|Any CPU.Build.0 = Release|Any CPU
	EndGlobalSection
	GlobalSection(SolutionProperties) = preSolution
		HideSolutionNode = FALSE
	EndGlobalSection
EndGlobal
